
Microsoft Visual Studio Solution File, Format Version 12.00
# Visual Studio Version 17
VisualStudioVersion = 17.7.34009.444
MinimumVisualStudioVersion = 10.0.40219.1
Project("{FAE04EC0-301F-11D3-BF4B-00C04F79EFBC}") = "Jokenpô", "Jokenpô.csproj", "{A6F93604-FBB8-451E-AA4F-501B45541654}"
EndProject
Global
	GlobalSection(SolutionConfigurationPlatforms) = preSolution
		Debug|Any CPU = Debug|Any CPU
		Release|Any CPU = Release|Any CPU
	EndGlobalSection
	GlobalSection(ProjectConfigurationPlatforms) = postSolution
		{A6F93604-FBB8-451E-AA4F-501B45541654}.Debug|Any CPU.ActiveCfg = Debug|Any CPU
		{A6F93604-FBB8-451E-AA4F-501B45541654}.Debug|Any CPU.Build.0 = Debug|Any CPU
		{A6F93604-FBB8-451E-AA4F-501B45541654}.Release|Any CPU.ActiveCfg = Release|Any CPU
		{A6F93604-FBB8-451E-AA4F-501B45541654}.Release|Any CPU.Build.0 = Release|Any CPU
	EndGlobalSection
	GlobalSection(SolutionProperties) = preSolution
		HideSolutionNode = FALSE
	EndGlobalSection
	GlobalSection(ExtensibilityGlobals) = postSolution
		SolutionGuid = {A36D5CF1-DA80-49C6-B876-CE64A631BE57}
	EndGlobalSection
EndGlobal
